
Microsoft Visual Studio Solution File, Format Version 12.00
# Visual Studio Version 16
VisualStudioVersion = 16.0.31624.102
MinimumVisualStudioVersion = 10.0.40219.1
Project("{FAE04EC0-301F-11D3-BF4B-00C04F79EFBC}") = "luyentap", "luyentap\luyentap.csproj", "{857CB03B-1DAA-4C23-A90B-0FF94A8E349F}"
EndProject
Global
	GlobalSection(SolutionConfigurationPlatforms) = preSolution
		Debug|Any CPU = Debug|Any CPU
		Release|Any CPU = Release|Any CPU
	EndGlobalSection
	GlobalSection(ProjectConfigurationPlatforms) = postSolution
		{857CB03B-1DAA-4C23-A90B-0FF94A8E349F}.Debug|Any CPU.ActiveCfg = Debug|Any CPU
		{857CB03B-1DAA-4C23-A90B-0FF94A8E349F}.Debug|Any CPU.Build.0 = Debug|Any CPU
		{857CB03B-1DAA-4C23-A90B-0FF94A8E349F}.Release|Any CPU.ActiveCfg = Release|Any CPU
		{857CB03B-1DAA-4C23-A90B-0FF94A8E349F}.Release|Any CPU.Build.0 = Release|Any CPU
	EndGlobalSection
	GlobalSection(SolutionProperties) = preSolution
		HideSolutionNode = FALSE
	EndGlobalSection
	GlobalSection(ExtensibilityGlobals) = postSolution
		SolutionGuid = {53629F71-BFD4-4711-8BF4-9EC4A2254A11}
	EndGlobalSection
EndGlobal
